
Microsoft Visual Studio Solution File, Format Version 12.00
# Visual Studio 15
VisualStudioVersion = 15.0.28307.960
MinimumVisualStudioVersion = 10.0.40219.1
Project("{8BC9CEB8-8B4A-11D0-8D11-00A0C91BC942}") = "End", "End\End.vcxproj", "{60530ABC-F528-4D68-9310-28E15EBF5C96}"
EndProject
Global
	GlobalSection(SolutionConfigurationPlatforms) = preSolution
		Debug|x64 = Debug|x64
		Debug|x86 = Debug|x86
		Release|x64 = Release|x64
		Release|x86 = Release|x86
	EndGlobalSection
	GlobalSection(ProjectConfigurationPlatforms) = postSolution
		{60530ABC-F528-4D68-9310-28E15EBF5C96}.Debug|x64.ActiveCfg = Debug|x64
		{60530ABC-F528-4D68-9310-28E15EBF5C96}.Debug|x64.Build.0 = Debug|x64
		{60530ABC-F528-4D68-9310-28E15EBF5C96}.Debug|x86.ActiveCfg = Debug|Win32
		{60530ABC-F528-4D68-9310-28E15EBF5C96}.Debug|x86.Build.0 = Debug|Win32
		{60530ABC-F528-4D68-9310-28E15EBF5C96}.Release|x64.ActiveCfg = Release|x64
		{60530ABC-F528-4D68-9310-28E15EBF5C96}.Release|x64.Build.0 = Release|x64
		{60530ABC-F528-4D68-9310-28E15EBF5C96}.Release|x86.ActiveCfg = Release|Win32
		{60530ABC-F528-4D68-9310-28E15EBF5C96}.Release|x86.Build.0 = Release|Win32
	EndGlobalSection
	GlobalSection(SolutionProperties) = preSolution
		HideSolutionNode = FALSE
	EndGlobalSection
	GlobalSection(ExtensibilityGlobals) = postSolution
		SolutionGuid = {1F01CDEF-07F6-4247-A4D0-7B531D5B1624}
	EndGlobalSection
EndGlobal
